{
  "name": "@a06000208/handler",
  "version": "0.0.1",
  "lockfileVersion": 2,
  "requires": true,
  "packages": {
    "": {
      "name": "@a06000208/handler",
      "version": "0.0.1",
      "license": "Unlicense",
      "devDependencies": {
        "boxy-jsdoc-template": "^2.0.2"
      },
      "engines": {
        "node": ">=16.9.0"
      }
    },
    "node_modules/boxy-jsdoc-template": {
      "version": "2.0.2",
      "resolved": "https://registry.npmjs.org/boxy-jsdoc-template/-/boxy-jsdoc-template-2.0.2.tgz",
      "integrity": "sha512-R8tK46Tvyr3JcK5XwVV+tpaBbEoQBhciEGo04T9tYgLB6nm/9SEu9yCR5X3DjDg1yiB17SPYYTK5IEpBF1/ZCQ==",
      "dev": true
    }
  },
  "dependencies": {
    "boxy-jsdoc-template": {
      "version": "2.0.2",
      "resolved": "https://registry.npmjs.org/boxy-jsdoc-template/-/boxy-jsdoc-template-2.0.2.tgz",
      "integrity": "sha512-R8tK46Tvyr3JcK5XwVV+tpaBbEoQBhciEGo04T9tYgLB6nm/9SEu9yCR5X3DjDg1yiB17SPYYTK5IEpBF1/ZCQ==",
      "dev": true
    }
  }
}
